{
  "name": "email",
  "lockfileVersion": 2,
  "requires": true,
  "packages": {
    "": {
      "dependencies": {
        "@ivanv/vue-collapse-transition": "^1.0.2"
      }
    },
    "node_modules/@ivanv/vue-collapse-transition": {
      "version": "1.0.2",
      "resolved": "https://registry.npmjs.org/@ivanv/vue-collapse-transition/-/vue-collapse-transition-1.0.2.tgz",
      "integrity": "sha512-eWEameFXJM/1khcoKbITvKjYYXDP1WKQ/Xf9ItJVPoEjCiOdocR3AgDAERzDrNNg4oWK28gRGi+0ft8Te27zxw=="
    }
  },
  "dependencies": {
    "@ivanv/vue-collapse-transition": {
      "version": "1.0.2",
      "resolved": "https://registry.npmjs.org/@ivanv/vue-collapse-transition/-/vue-collapse-transition-1.0.2.tgz",
      "integrity": "sha512-eWEameFXJM/1khcoKbITvKjYYXDP1WKQ/Xf9ItJVPoEjCiOdocR3AgDAERzDrNNg4oWK28gRGi+0ft8Te27zxw=="
    }
  }
}
